// !$*UTF8*$!
{
	archiveVersion = 1;
	classes = {
	};
	objectVersion = 51;
	objects = {

/* Begin PBXBuildFile section */
		67557B7A22E7BF0C00D5FFC1 /* RecipeViewModel.swift in Sources */ = {isa = PBXBuildFile; fileRef = 67557B7922E7BF0C00D5FFC1 /* RecipeViewModel.swift */; };
		67557B7C22E7BF3500D5FFC1 /* RecipeListViewModel.swift in Sources */ = {isa = PBXBuildFile; fileRef = 67557B7B22E7BF3500D5FFC1 /* RecipeListViewModel.swift */; };
		67CFCEB522E7A43C000FE3EF /* AppDelegate.swift in Sources */ = {isa = PBXBuildFile; fileRef = 67CFCEB422E7A43C000FE3EF /* AppDelegate.swift */; };
		67CFCEBA22E7A43C000FE3EF /* Main.storyboard in Resources */ = {isa = PBXBuildFile; fileRef = 67CFCEB822E7A43C000FE3EF /* Main.storyboard */; };
		67CFCEBC22E7A43D000FE3EF /* Assets.xcassets in Resources */ = {isa = PBXBuildFile; fileRef = 67CFCEBB22E7A43D000FE3EF /* Assets.xcassets */; };
		67CFCEBF22E7A43D000FE3EF /* LaunchScreen.storyboard in Resources */ = {isa = PBXBuildFile; fileRef = 67CFCEBD22E7A43D000FE3EF /* LaunchScreen.storyboard */; };
		67CFCECB22E7A509000FE3EF /* ApiService.swift in Sources */ = {isa = PBXBuildFile; fileRef = 67CFCECA22E7A509000FE3EF /* ApiService.swift */; };
		67E48B0822E7A5940044A4DB /* Recipe.swift in Sources */ = {isa = PBXBuildFile; fileRef = 67E48B0722E7A5940044A4DB /* Recipe.swift */; };
		67E48B0A22E7AA2E0044A4DB /* RecipesListViewController.swift in Sources */ = {isa = PBXBuildFile; fileRef = 67E48B0922E7AA2E0044A4DB /* RecipesListViewController.swift */; };
		67E48B0E22E7AB810044A4DB /* RecipeTableViewCell.swift in Sources */ = {isa = PBXBuildFile; fileRef = 67E48B0D22E7AB810044A4DB /* RecipeTableViewCell.swift */; };
		67E48B1122E7B2EC0044A4DB /* RecipeDetailsViewController.swift in Sources */ = {isa = PBXBuildFile; fileRef = 67E48B1022E7B2EC0044A4DB /* RecipeDetailsViewController.swift */; };
		84081AD956F2D0DE425389D8 /* Pods_MajelanTest.framework in Frameworks */ = {isa = PBXBuildFile; fileRef = B2FA3F12745FF0F63A01E1C7 /* Pods_MajelanTest.framework */; };
/* End PBXBuildFile section */

/* Begin PBXFileReference section */
		67557B7922E7BF0C00D5FFC1 /* RecipeViewModel.swift */ = {isa = PBXFileReference; lastKnownFileType = sourcecode.swift; path = RecipeViewModel.swift; sourceTree = "<group>"; };
		67557B7B22E7BF3500D5FFC1 /* RecipeListViewModel.swift */ = {isa = PBXFileReference; lastKnownFileType = sourcecode.swift; path = RecipeListViewModel.swift; sourceTree = "<group>"; };
		67CFCEB122E7A43C000FE3EF /* MajelanTest.app */ = {isa = PBXFileReference; explicitFileType = wrapper.application; includeInIndex = 0; path = MajelanTest.app; sourceTree = BUILT_PRODUCTS_DIR; };
		67CFCEB422E7A43C000FE3EF /* AppDelegate.swift */ = {isa = PBXFileReference; lastKnownFileType = sourcecode.swift; path = AppDelegate.swift; sourceTree = "<group>"; };
		67CFCEB922E7A43C000FE3EF /* Base */ = {isa = PBXFileReference; lastKnownFileType = file.storyboard; name = Base; path = Base.lproj/Main.storyboard; sourceTree = "<group>"; };
		67CFCEBB22E7A43D000FE3EF /* Assets.xcassets */ = {isa = PBXFileReference; lastKnownFileType = folder.assetcatalog; path = Assets.xcassets; sourceTree = "<group>"; };
		67CFCEBE22E7A43D000FE3EF /* Base */ = {isa = PBXFileReference; lastKnownFileType = file.storyboard; name = Base; path = Base.lproj/LaunchScreen.storyboard; sourceTree = "<group>"; };
		67CFCEC022E7A43D000FE3EF /* Info.plist */ = {isa = PBXFileReference; lastKnownFileType = text.plist.xml; path = Info.plist; sourceTree = "<group>"; };
		67CFCECA22E7A509000FE3EF /* ApiService.swift */ = {isa = PBXFileReference; lastKnownFileType = sourcecode.swift; path = ApiService.swift; sourceTree = "<group>"; };
		67E48B0722E7A5940044A4DB /* Recipe.swift */ = {isa = PBXFileReference; lastKnownFileType = sourcecode.swift; path = Recipe.swift; sourceTree = "<group>"; };
		67E48B0922E7AA2E0044A4DB /* RecipesListViewController.swift */ = {isa = PBXFileReference; lastKnownFileType = sourcecode.swift; path = RecipesListViewController.swift; sourceTree = "<group>"; };
		67E48B0D22E7AB810044A4DB /* RecipeTableViewCell.swift */ = {isa = PBXFileReference; lastKnownFileType = sourcecode.swift; path = RecipeTableViewCell.swift; sourceTree = "<group>"; };
		67E48B1022E7B2EC0044A4DB /* RecipeDetailsViewController.swift */ = {isa = PBXFileReference; lastKnownFileType = sourcecode.swift; path = RecipeDetailsViewController.swift; sourceTree = "<group>"; };
		A58B66FF48E5A17FBFCD32F5 /* Pods-MajelanTest.debug.xcconfig */ = {isa = PBXFileReference; includeInIndex = 1; lastKnownFileType = text.xcconfig; name = "Pods-MajelanTest.debug.xcconfig"; path = "Target Support Files/Pods-MajelanTest/Pods-MajelanTest.debug.xcconfig"; sourceTree = "<group>"; };
		B2FA3F12745FF0F63A01E1C7 /* Pods_MajelanTest.framework */ = {isa = PBXFileReference; explicitFileType = wrapper.framework; includeInIndex = 0; path = Pods_MajelanTest.framework; sourceTree = BUILT_PRODUCTS_DIR; };
		E3F0B29DA885E2A6C56DE3BC /* Pods-MajelanTest.release.xcconfig */ = {isa = PBXFileReference; includeInIndex = 1; lastKnownFileType = text.xcconfig; name = "Pods-MajelanTest.release.xcconfig"; path = "Target Support Files/Pods-MajelanTest/Pods-MajelanTest.release.xcconfig"; sourceTree = "<group>"; };
/* End PBXFileReference section */

/* Begin PBXFrameworksBuildPhase section */
		67CFCEAE22E7A43C000FE3EF /* Frameworks */ = {
			isa = PBXFrameworksBuildPhase;
			buildActionMask = 2147483647;
			files = (
				84081AD956F2D0DE425389D8 /* Pods_MajelanTest.framework in Frameworks */,
			);
			runOnlyForDeploymentPostprocessing = 0;
		};
/* End PBXFrameworksBuildPhase section */

/* Begin PBXGroup section */
		2337157D1CEE563A93FE4FE0 /* Pods */ = {
			isa = PBXGroup;
			children = (
				A58B66FF48E5A17FBFCD32F5 /* Pods-MajelanTest.debug.xcconfig */,
				E3F0B29DA885E2A6C56DE3BC /* Pods-MajelanTest.release.xcconfig */,
			);
			path = Pods;
			sourceTree = "<group>";
		};
		67557B7822E7BEB300D5FFC1 /* ViewModel */ = {
			isa = PBXGroup;
			children = (
				67557B7922E7BF0C00D5FFC1 /* RecipeViewModel.swift */,
				67557B7B22E7BF3500D5FFC1 /* RecipeListViewModel.swift */,
			);
			path = ViewModel;
			sourceTree = "<group>";
		};
		67CFCEA822E7A43C000FE3EF = {
			isa = PBXGroup;
			children = (
				67CFCEB322E7A43C000FE3EF /* MajelanTest */,
				67CFCEB222E7A43C000FE3EF /* Products */,
				2337157D1CEE563A93FE4FE0 /* Pods */,
				BB008C8B407A1905B8CA4B47 /* Frameworks */,
			);
			sourceTree = "<group>";
		};
		67CFCEB222E7A43C000FE3EF /* Products */ = {
			isa = PBXGroup;
			children = (
				67CFCEB122E7A43C000FE3EF /* MajelanTest.app */,
			);
			name = Products;
			sourceTree = "<group>";
		};
		67CFCEB322E7A43C000FE3EF /* MajelanTest */ = {
			isa = PBXGroup;
			children = (
				67CFCEB422E7A43C000FE3EF /* AppDelegate.swift */,
				67CFCEBB22E7A43D000FE3EF /* Assets.xcassets */,
				67CFCEC022E7A43D000FE3EF /* Info.plist */,
				67CFCEC622E7A471000FE3EF /* Model */,
				67CFCEC822E7A47E000FE3EF /* View */,
				67557B7822E7BEB300D5FFC1 /* ViewModel */,
				67CFCEC722E7A479000FE3EF /* Service */,
			);
			path = MajelanTest;
			sourceTree = "<group>";
		};
		67CFCEC622E7A471000FE3EF /* Model */ = {
			isa = PBXGroup;
			children = (
				67E48B0722E7A5940044A4DB /* Recipe.swift */,
			);
			path = Model;
			sourceTree = "<group>";
		};
		67CFCEC722E7A479000FE3EF /* Service */ = {
			isa = PBXGroup;
			children = (
				67CFCECA22E7A509000FE3EF /* ApiService.swift */,
			);
			path = Service;
			sourceTree = "<group>";
		};
		67CFCEC822E7A47E000FE3EF /* View */ = {
			isa = PBXGroup;
			children = (
				67E48B0C22E7AB6E0044A4DB /* Cell */,
				67CFCEBD22E7A43D000FE3EF /* LaunchScreen.storyboard */,
				67CFCEB822E7A43C000FE3EF /* Main.storyboard */,
				67E48B1022E7B2EC0044A4DB /* RecipeDetailsViewController.swift */,
				67E48B0922E7AA2E0044A4DB /* RecipesListViewController.swift */,
			);
			path = View;
			sourceTree = "<group>";
		};
		67E48B0C22E7AB6E0044A4DB /* Cell */ = {
			isa = PBXGroup;
			children = (
				67E48B0D22E7AB810044A4DB /* RecipeTableViewCell.swift */,
			);
			path = Cell;
			sourceTree = "<group>";
		};
		BB008C8B407A1905B8CA4B47 /* Frameworks */ = {
			isa = PBXGroup;
			children = (
				B2FA3F12745FF0F63A01E1C7 /* Pods_MajelanTest.framework */,
			);
			name = Frameworks;
			sourceTree = "<group>";
		};
/* End PBXGroup section */

/* Begin PBXNativeTarget section */
		67CFCEB022E7A43C000FE3EF /* MajelanTest */ = {
			isa = PBXNativeTarget;
			buildConfigurationList = 67CFCEC322E7A43D000FE3EF /* Build configuration list for PBXNativeTarget "MajelanTest" */;
			buildPhases = (
				53E49CE70894BE7BE7FD01D2 /* [CP] Check Pods Manifest.lock */,
				67CFCEAD22E7A43C000FE3EF /* Sources */,
				67CFCEAE22E7A43C000FE3EF /* Frameworks */,
				67CFCEAF22E7A43C000FE3EF /* Resources */,
				D51B28A2FABAC19BFC7B078E /* [CP] Embed Pods Frameworks */,
			);
			buildRules = (
			);
			dependencies = (
			);
			name = MajelanTest;
			productName = MajelanTest;
			productReference = 67CFCEB122E7A43C000FE3EF /* MajelanTest.app */;
			productType = "com.apple.product-type.application";
		};
/* End PBXNativeTarget section */

/* Begin PBXProject section */
		67CFCEA922E7A43C000FE3EF /* Project object */ = {
			isa = PBXProject;
			attributes = {
				LastSwiftUpdateCheck = 1020;
				LastUpgradeCheck = 1020;
				ORGANIZATIONNAME = "Amine Haj Mohamed";
				TargetAttributes = {
					67CFCEB022E7A43C000FE3EF = {
						CreatedOnToolsVersion = 10.2.1;
					};
				};
			};
			buildConfigurationList = 67CFCEAC22E7A43C000FE3EF /* Build configuration list for PBXProject "MajelanTest" */;
			compatibilityVersion = "Xcode 9.3";
			developmentRegion = en;
			hasScannedForEncodings = 0;
			knownRegions = (
				en,
				Base,
			);
			mainGroup = 67CFCEA822E7A43C000FE3EF;
			productRefGroup = 67CFCEB222E7A43C000FE3EF /* Products */;
			projectDirPath = "";
			projectRoot = "";
			targets = (
				67CFCEB022E7A43C000FE3EF /* MajelanTest */,
			);
		};
/* End PBXProject section */

/* Begin PBXResourcesBuildPhase section */
		67CFCEAF22E7A43C000FE3EF /* Resources */ = {
			isa = PBXResourcesBuildPhase;
			buildActionMask = 2147483647;
			files = (
				67CFCEBF22E7A43D000FE3EF /* LaunchScreen.storyboard in Resources */,
				67CFCEBC22E7A43D000FE3EF /* Assets.xcassets in Resources */,
				67CFCEBA22E7A43C000FE3EF /* Main.storyboard in Resources */,
			);
			runOnlyForDeploymentPostprocessing = 0;
		};
/* End PBXResourcesBuildPhase section */

/* Begin PBXShellScriptBuildPhase section */
		53E49CE70894BE7BE7FD01D2 /* [CP] Check Pods Manifest.lock */ = {
			isa = PBXShellScriptBuildPhase;
			buildActionMask = 2147483647;
			files = (
			);
			inputFileListPaths = (
			);
			inputPaths = (
				"${PODS_PODFILE_DIR_PATH}/Podfile.lock",
				"${PODS_ROOT}/Manifest.lock",
			);
			name = "[CP] Check Pods Manifest.lock";
			outputFileListPaths = (
			);
			outputPaths = (
				"$(DERIVED_FILE_DIR)/Pods-MajelanTest-checkManifestLockResult.txt",
			);
			runOnlyForDeploymentPostprocessing = 0;
			shellPath = /bin/sh;
			shellScript = "diff \"${PODS_PODFILE_DIR_PATH}/Podfile.lock\" \"${PODS_ROOT}/Manifest.lock\" > /dev/null\nif [ $? != 0 ] ; then\n    # print error to STDERR\n    echo \"error: The sandbox is not in sync with the Podfile.lock. Run 'pod install' or update your CocoaPods installation.\" >&2\n    exit 1\nfi\n# This output is used by Xcode 'outputs' to avoid re-running this script phase.\necho \"SUCCESS\" > \"${SCRIPT_OUTPUT_FILE_0}\"\n";
			showEnvVarsInLog = 0;
		};
		D51B28A2FABAC19BFC7B078E /* [CP] Embed Pods Frameworks */ = {
			isa = PBXShellScriptBuildPhase;
			buildActionMask = 2147483647;
			files = (
			);
			inputFileListPaths = (
				"${PODS_ROOT}/Target Support Files/Pods-MajelanTest/Pods-MajelanTest-frameworks-${CONFIGURATION}-input-files.xcfilelist",
			);
			name = "[CP] Embed Pods Frameworks";
			outputFileListPaths = (
				"${PODS_ROOT}/Target Support Files/Pods-MajelanTest/Pods-MajelanTest-frameworks-${CONFIGURATION}-output-files.xcfilelist",
			);
			runOnlyForDeploymentPostprocessing = 0;
			shellPath = /bin/sh;
			shellScript = "\"${PODS_ROOT}/Target Support Files/Pods-MajelanTest/Pods-MajelanTest-frameworks.sh\"\n";
			showEnvVarsInLog = 0;
		};
/* End PBXShellScriptBuildPhase section */

/* Begin PBXSourcesBuildPhase section */
		67CFCEAD22E7A43C000FE3EF /* Sources */ = {
			isa = PBXSourcesBuildPhase;
			buildActionMask = 2147483647;
			files = (
				67557B7C22E7BF3500D5FFC1 /* RecipeListViewModel.swift in Sources */,
				67E48B0A22E7AA2E0044A4DB /* RecipesListViewController.swift in Sources */,
				67E48B1122E7B2EC0044A4DB /* RecipeDetailsViewController.swift in Sources */,
				67E48B0E22E7AB810044A4DB /* RecipeTableViewCell.swift in Sources */,
				67557B7A22E7BF0C00D5FFC1 /* RecipeViewModel.swift in Sources */,
				67E48B0822E7A5940044A4DB /* Recipe.swift in Sources */,
				67CFCECB22E7A509000FE3EF /* ApiService.swift in Sources */,
				67CFCEB522E7A43C000FE3EF /* AppDelegate.swift in Sources */,
			);
			runOnlyForDeploymentPostprocessing = 0;
		};
/* End PBXSourcesBuildPhase section */

/* Begin PBXVariantGroup section */
		67CFCEB822E7A43C000FE3EF /* Main.storyboard */ = {
			isa = PBXVariantGroup;
			children = (
				67CFCEB922E7A43C000FE3EF /* Base */,
			);
			name = Main.storyboard;
			sourceTree = "<group>";
		};
		67CFCEBD22E7A43D000FE3EF /* LaunchScreen.storyboard */ = {
			isa = PBXVariantGroup;
			children = (
				67CFCEBE22E7A43D000FE3EF /* Base */,
			);
			name = LaunchScreen.storyboard;
			sourceTree = "<group>";
		};
/* End PBXVariantGroup section */

/* Begin XCBuildConfiguration section */
		67CFCEC122E7A43D000FE3EF /* Debug */ = {
			isa = XCBuildConfiguration;
			buildSettings = {
				ALWAYS_SEARCH_USER_PATHS = NO;
				CLANG_ANALYZER_NONNULL = YES;
				CLANG_ANALYZER_NUMBER_OBJECT_CONVERSION = YES_AGGRESSIVE;
				CLANG_CXX_LANGUAGE_STANDARD = "gnu++14";
				CLANG_CXX_LIBRARY = "libc++";
				CLANG_ENABLE_MODULES = YES;
				CLANG_ENABLE_OBJC_ARC = YES;
				CLANG_ENABLE_OBJC_WEAK = YES;
				CLANG_WARN_BLOCK_CAPTURE_AUTORELEASING = YES;
				CLANG_WARN_BOOL_CONVERSION = YES;
				CLANG_WARN_COMMA = YES;
				CLANG_WARN_CONSTANT_CONVERSION = YES;
				CLANG_WARN_DEPRECATED_OBJC_IMPLEMENTATIONS = YES;
				CLANG_WARN_DIRECT_OBJC_ISA_USAGE = YES_ERROR;
				CLANG_WARN_DOCUMENTATION_COMMENTS = YES;
				CLANG_WARN_EMPTY_BODY = YES;
				CLANG_WARN_ENUM_CONVERSION = YES;
				CLANG_WARN_INFINITE_RECURSION = YES;
				CLANG_WARN_INT_CONVERSION = YES;
				CLANG_WARN_NON_LITERAL_NULL_CONVERSION = YES;
				CLANG_WARN_OBJC_IMPLICIT_RETAIN_SELF = YES;
				CLANG_WARN_OBJC_LITERAL_CONVERSION = YES;
				CLANG_WARN_OBJC_ROOT_CLASS = YES_ERROR;
				CLANG_WARN_RANGE_LOOP_ANALYSIS = YES;
				CLANG_WARN_STRICT_PROTOTYPES = YES;
				CLANG_WARN_SUSPICIOUS_MOVE = YES;
				CLANG_WARN_UNGUARDED_AVAILABILITY = YES_AGGRESSIVE;
				CLANG_WARN_UNREACHABLE_CODE = YES;
				CLANG_WARN__DUPLICATE_METHOD_MATCH = YES;
				CODE_SIGN_IDENTITY = "iPhone Developer";
				COPY_PHASE_STRIP = NO;
				DEBUG_INFORMATION_FORMAT = dwarf;
				ENABLE_STRICT_OBJC_MSGSEND = YES;
				ENABLE_TESTABILITY = YES;
				GCC_C_LANGUAGE_STANDARD = gnu11;
				GCC_DYNAMIC_NO_PIC = NO;
				GCC_NO_COMMON_BLOCKS = YES;
				GCC_OPTIMIZATION_LEVEL = 0;
				GCC_PREPROCESSOR_DEFINITIONS = (
					"DEBUG=1",
					"$(inherited)",
				);
				GCC_WARN_64_TO_32_BIT_CONVERSION = YES;
				GCC_WARN_ABOUT_RETURN_TYPE = YES_ERROR;
				GCC_WARN_UNDECLARED_SELECTOR = YES;
				GCC_WARN_UNINITIALIZED_AUTOS = YES_AGGRESSIVE;
				GCC_WARN_UNUSED_FUNCTION = YES;
				GCC_WARN_UNUSED_VARIABLE = YES;
				IPHONEOS_DEPLOYMENT_TARGET = 12.2;
				MTL_ENABLE_DEBUG_INFO = INCLUDE_SOURCE;
				MTL_FAST_MATH = YES;
				ONLY_ACTIVE_ARCH = YES;
				SDKROOT = iphoneos;
				SWIFT_ACTIVE_COMPILATION_CONDITIONS = DEBUG;
				SWIFT_OPTIMIZATION_LEVEL = "-Onone";
			};
			name = Debug;
		};
		67CFCEC222E7A43D000FE3EF /* Release */ = {
			isa = XCBuildConfiguration;
			buildSettings = {
				ALWAYS_SEARCH_USER_PATHS = NO;
				CLANG_ANALYZER_NONNULL = YES;
				CLANG_ANALYZER_NUMBER_OBJECT_CONVERSION = YES_AGGRESSIVE;
				CLANG_CXX_LANGUAGE_STANDARD = "gnu++14";
				CLANG_CXX_LIBRARY = "libc++";
				CLANG_ENABLE_MODULES = YES;
				CLANG_ENABLE_OBJC_ARC = YES;
				CLANG_ENABLE_OBJC_WEAK = YES;
				CLANG_WARN_BLOCK_CAPTURE_AUTORELEASING = YES;
				CLANG_WARN_BOOL_CONVERSION = YES;
				CLANG_WARN_COMMA = YES;
				CLANG_WARN_CONSTANT_CONVERSION = YES;
				CLANG_WARN_DEPRECATED_OBJC_IMPLEMENTATIONS = YES;
				CLANG_WARN_DIRECT_OBJC_ISA_USAGE = YES_ERROR;
				CLANG_WARN_DOCUMENTATION_COMMENTS = YES;
				CLANG_WARN_EMPTY_BODY = YES;
				CLANG_WARN_ENUM_CONVERSION = YES;
				CLANG_WARN_INFINITE_RECURSION = YES;
				CLANG_WARN_INT_CONVERSION = YES;
				CLANG_WARN_NON_LITERAL_NULL_CONVERSION = YES;
				CLANG_WARN_OBJC_IMPLICIT_RETAIN_SELF = YES;
				CLANG_WARN_OBJC_LITERAL_CONVERSION = YES;
				CLANG_WARN_OBJC_ROOT_CLASS = YES_ERROR;
				CLANG_WARN_RANGE_LOOP_ANALYSIS = YES;
				CLANG_WARN_STRICT_PROTOTYPES = YES;
				CLANG_WARN_SUSPICIOUS_MOVE = YES;
				CLANG_WARN_UNGUARDED_AVAILABILITY = YES_AGGRESSIVE;
				CLANG_WARN_UNREACHABLE_CODE = YES;
				CLANG_WARN__DUPLICATE_METHOD_MATCH = YES;
				CODE_SIGN_IDENTITY = "iPhone Developer";
				COPY_PHASE_STRIP = NO;
				DEBUG_INFORMATION_FORMAT = "dwarf-with-dsym";
				ENABLE_NS_ASSERTIONS = NO;
				ENABLE_STRICT_OBJC_MSGSEND = YES;
				GCC_C_LANGUAGE_STANDARD = gnu11;
				GCC_NO_COMMON_BLOCKS = YES;
				GCC_WARN_64_TO_32_BIT_CONVERSION = YES;
				GCC_WARN_ABOUT_RETURN_TYPE = YES_ERROR;
				GCC_WARN_UNDECLARED_SELECTOR = YES;
				GCC_WARN_UNINITIALIZED_AUTOS = YES_AGGRESSIVE;
				GCC_WARN_UNUSED_FUNCTION = YES;
				GCC_WARN_UNUSED_VARIABLE = YES;
				IPHONEOS_DEPLOYMENT_TARGET = 12.2;
				MTL_ENABLE_DEBUG_INFO = NO;
				MTL_FAST_MATH = YES;
				SDKROOT = iphoneos;
				SWIFT_COMPILATION_MODE = wholemodule;
				SWIFT_OPTIMIZATION_LEVEL = "-O";
				VALIDATE_PRODUCT = YES;
			};
			name = Release;
		};
		67CFCEC422E7A43D000FE3EF /* Debug */ = {
			isa = XCBuildConfiguration;
			baseConfigurationReference = A58B66FF48E5A17FBFCD32F5 /* Pods-MajelanTest.debug.xcconfig */;
			buildSettings = {
				ASSETCATALOG_COMPILER_APPICON_NAME = AppIcon;
				CODE_SIGN_STYLE = Automatic;
				DEVELOPMENT_TEAM = "";
				INFOPLIST_FILE = MajelanTest/Info.plist;
				IPHONEOS_DEPLOYMENT_TARGET = 10.0;
				LD_RUNPATH_SEARCH_PATHS = (
					"$(inherited)",
					"@executable_path/Frameworks",
				);
				PRODUCT_BUNDLE_IDENTIFIER = com.aminehajmohamed.MajelanTest;
				PRODUCT_NAME = "$(TARGET_NAME)";
				SWIFT_VERSION = 5.0;
				TARGETED_DEVICE_FAMILY = 1;
			};
			name = Debug;
		};
		67CFCEC522E7A43D000FE3EF /* Release */ = {
			isa = XCBuildConfiguration;
			baseConfigurationReference = E3F0B29DA885E2A6C56DE3BC /* Pods-MajelanTest.release.xcconfig */;
			buildSettings = {
				ASSETCATALOG_COMPILER_APPICON_NAME = AppIcon;
				CODE_SIGN_STYLE = Automatic;
				DEVELOPMENT_TEAM = "";
				INFOPLIST_FILE = MajelanTest/Info.plist;
				IPHONEOS_DEPLOYMENT_TARGET = 10.0;
				LD_RUNPATH_SEARCH_PATHS = (
					"$(inherited)",
					"@executable_path/Frameworks",
				);
				PRODUCT_BUNDLE_IDENTIFIER = com.aminehajmohamed.MajelanTest;
				PRODUCT_NAME = "$(TARGET_NAME)";
				SWIFT_VERSION = 5.0;
				TARGETED_DEVICE_FAMILY = 1;
			};
			name = Release;
		};
/* End XCBuildConfiguration section */

/* Begin XCConfigurationList section */
		67CFCEAC22E7A43C000FE3EF /* Build configuration list for PBXProject "MajelanTest" */ = {
			isa = XCConfigurationList;
			buildConfigurations = (
				67CFCEC122E7A43D000FE3EF /* Debug */,
				67CFCEC222E7A43D000FE3EF /* Release */,
			);
			defaultConfigurationIsVisible = 0;
			defaultConfigurationName = Release;
		};
		67CFCEC322E7A43D000FE3EF /* Build configuration list for PBXNativeTarget "MajelanTest" */ = {
			isa = XCConfigurationList;
			buildConfigurations = (
				67CFCEC422E7A43D000FE3EF /* Debug */,
				67CFCEC522E7A43D000FE3EF /* Release */,
			);
			defaultConfigurationIsVisible = 0;
			defaultConfigurationName = Release;
		};
/* End XCConfigurationList section */
	};
	rootObject = 67CFCEA922E7A43C000FE3EF /* Project object */;
}
